
Microsoft Visual Studio Solution File, Format Version 12.00
# Visual Studio Version 16
VisualStudioVersion = 16.0.29920.165
MinimumVisualStudioVersion = 10.0.40219.1
Project("{FAE04EC0-301F-11D3-BF4B-00C04F79EFBC}") = "практика 1", "практика 1.csproj", "{71C80DBA-B89C-4A09-9399-919EBC581BCC}"
EndProject
Global
	GlobalSection(SolutionConfigurationPlatforms) = preSolution
		Debug|Any CPU = Debug|Any CPU
		Release|Any CPU = Release|Any CPU
	EndGlobalSection
	GlobalSection(ProjectConfigurationPlatforms) = postSolution
		{71C80DBA-B89C-4A09-9399-919EBC581BCC}.Debug|Any CPU.ActiveCfg = Debug|Any CPU
		{71C80DBA-B89C-4A09-9399-919EBC581BCC}.Debug|Any CPU.Build.0 = Debug|Any CPU
		{71C80DBA-B89C-4A09-9399-919EBC581BCC}.Release|Any CPU.ActiveCfg = Release|Any CPU
		{71C80DBA-B89C-4A09-9399-919EBC581BCC}.Release|Any CPU.Build.0 = Release|Any CPU
	EndGlobalSection
	GlobalSection(SolutionProperties) = preSolution
		HideSolutionNode = FALSE
	EndGlobalSection
	GlobalSection(ExtensibilityGlobals) = postSolution
		SolutionGuid = {FB03653B-A729-4D76-B533-B36815640B42}
	EndGlobalSection
EndGlobal
